{
  "version": 4,
  "terraform_version": "1.6.4",
  "serial": 17,
  "lineage": "5e57b7c5-62f5-bce8-f20d-9ca080478c48",
  "outputs": {},
  "resources": [
    {
      "mode": "data",
      "type": "google_firebase_web_app_config",
      "name": "example",
      "provider": "provider[\"registry.terraform.io/hashicorp/google-beta\"]",
      "instances": [
        {
          "schema_version": 0,
          "attributes": {
            "api_key": "AIzaSyA2Bop29ahaIdUTi2WFtsQmO28l4aD-Mv4",
            "auth_domain": "bless-all-families-ai-app.firebaseapp.com",
            "database_url": "",
            "id": "1:298347566231:web:7a76ca5ce2519e8da785d2",
            "location_id": "",
            "measurement_id": "",
            "messaging_sender_id": "298347566231",
            "project": "bless-all-families-ai-app",
            "storage_bucket": "bless-all-families-ai-app.firebasestorage.app",
            "web_app_id": "1:298347566231:web:7a76ca5ce2519e8da785d2"
          },
          "sensitive_attributes": []
        }
      ]
    },
    {
      "mode": "data",
      "type": "google_project",
      "name": "project",
      "provider": "provider[\"registry.terraform.io/hashicorp/google-beta\"]",
      "instances": [
        {
          "schema_version": 0,
          "attributes": {
            "auto_create_network": null,
            "billing_account": null,
            "deletion_policy": "DELETE",
            "effective_labels": {
              "firebase": "enabled",
              "firebase-core": "disabled"
            },
            "folder_id": null,
            "id": "projects/bless-all-families-ai-app",
            "labels": {
              "firebase": "enabled",
              "firebase-core": "disabled"
            },
            "name": "Bless All Families AI App",
            "number": "298347566231",
            "org_id": null,
            "project_id": "bless-all-families-ai-app",
            "skip_delete": null,
            "terraform_labels": {
              "firebase": "enabled",
              "firebase-core": "disabled"
            }
          },
          "sensitive_attributes": []
        }
      ]
    },
    {
      "mode": "managed",
      "type": "google_apikeys_key",
      "name": "generativelanguage",
      "provider": "provider[\"registry.terraform.io/hashicorp/google-beta\"]",
      "instances": [
        {
          "schema_version": 0,
          "attributes": {
            "display_name": "Gemini API Key",
            "id": "projects/bless-all-families-ai-app/locations/global/keys/gemini-api-key",
            "key_string": "AIzaSyA3VRM7QOqUpJ-5a3xPPvS8odbNNOvqs3o",
            "name": "gemini-api-key",
            "project": "bless-all-families-ai-app",
            "restrictions": [
              {
                "android_key_restrictions": [],
                "api_targets": [
                  {
                    "methods": [],
                    "service": "generativelanguage.googleapis.com"
                  }
                ],
                "browser_key_restrictions": [
                  {
                    "allowed_referrers": [
                      "*"
                    ]
                  }
                ],
                "ios_key_restrictions": [],
                "server_key_restrictions": []
              }
            ],
            "timeouts": null,
            "uid": "da6b210d-1c16-4720-ae79-946a3792ba77"
          },
          "sensitive_attributes": [],
          "private": "eyJlMmJmYjczMC1lY2FhLTExZTYtOGY4OC0zNDM2M2JjN2M0YzAiOnsiY3JlYXRlIjoxMjAwMDAwMDAwMDAwLCJkZWxldGUiOjEyMDAwMDAwMDAwMDAsInVwZGF0ZSI6MTIwMDAwMDAwMDAwMH19",
          "dependencies": [
            "google_project_service.services"
          ]
        }
      ]
    },
    {
      "mode": "managed",
      "type": "google_firebase_web_app",
      "name": "example",
      "provider": "provider[\"registry.terraform.io/hashicorp/google-beta\"]",
      "instances": [
        {
          "schema_version": 0,
          "attributes": {
            "api_key_id": "735957f6-e21a-4084-ab0a-9a6616bd4c98",
            "app_id": "1:298347566231:web:7a76ca5ce2519e8da785d2",
            "app_urls": [],
            "deletion_policy": "DELETE",
            "display_name": "Make It So AI!",
            "id": "projects/bless-all-families-ai-app/webApps/1:298347566231:web:7a76ca5ce2519e8da785d2",
            "name": "projects/bless-all-families-ai-app/webApps/1:298347566231:web:7a76ca5ce2519e8da785d2",
            "project": "bless-all-families-ai-app",
            "timeouts": null
          },
          "sensitive_attributes": [],
          "private": "eyJlMmJmYjczMC1lY2FhLTExZTYtOGY4OC0zNDM2M2JjN2M0YzAiOnsiY3JlYXRlIjoxMjAwMDAwMDAwMDAwLCJkZWxldGUiOjEyMDAwMDAwMDAwMDAsInVwZGF0ZSI6MTIwMDAwMDAwMDAwMH19"
        }
      ]
    },
    {
      "mode": "managed",
      "type": "google_firebaserules_release",
      "name": "firestore",
      "provider": "provider[\"registry.terraform.io/hashicorp/google-beta\"]",
      "instances": [
        {
          "schema_version": 0,
          "attributes": {
            "create_time": "2025-02-03T07:03:48.881813Z",
            "disabled": false,
            "id": "projects/bless-all-families-ai-app/releases/cloud.firestore",
            "name": "cloud.firestore",
            "project": "bless-all-families-ai-app",
            "ruleset_name": "70d3b782-9bef-4929-946c-027c459b0d0d",
            "timeouts": null,
            "update_time": "2025-02-03T07:03:48.881813Z"
          },
          "sensitive_attributes": [],
          "private": "eyJlMmJmYjczMC1lY2FhLTExZTYtOGY4OC0zNDM2M2JjN2M0YzAiOnsiY3JlYXRlIjoxMjAwMDAwMDAwMDAwLCJkZWxldGUiOjEyMDAwMDAwMDAwMDB9fQ==",
          "dependencies": [
            "google_firebaserules_ruleset.firestore",
            "google_firestore_database.database",
            "google_project_service.services",
            "local_file.firestore_rules"
          ]
        }
      ]
    },
    {
      "mode": "managed",
      "type": "google_firebaserules_ruleset",
      "name": "firestore",
      "provider": "provider[\"registry.terraform.io/hashicorp/google-beta\"]",
      "instances": [
        {
          "schema_version": 0,
          "attributes": {
            "create_time": "2025-02-03T07:03:45.809560Z",
            "id": "projects/bless-all-families-ai-app/rulesets/70d3b782-9bef-4929-946c-027c459b0d0d",
            "metadata": [
              {
                "services": [
                  "cloud.firestore"
                ]
              }
            ],
            "name": "70d3b782-9bef-4929-946c-027c459b0d0d",
            "project": "bless-all-families-ai-app",
            "source": [
              {
                "files": [
                  {
                    "content": "service cloud.firestore {\n  match /databases/{database}/documents/{document=**} {\n    allow read, write: if request.auth != null \u0026\u0026 request.time \u003c timestamp.date(2025, 3, 5);\n  }\n}\n",
                    "fingerprint": "",
                    "name": "firestore.rules"
                  }
                ],
                "language": ""
              }
            ],
            "timeouts": null
          },
          "sensitive_attributes": [],
          "private": "eyJlMmJmYjczMC1lY2FhLTExZTYtOGY4OC0zNDM2M2JjN2M0YzAiOnsiY3JlYXRlIjoxMjAwMDAwMDAwMDAwLCJkZWxldGUiOjEyMDAwMDAwMDAwMDB9fQ==",
          "dependencies": [
            "google_firestore_database.database",
            "google_project_service.services",
            "local_file.firestore_rules"
          ]
        }
      ]
    },
    {
      "mode": "managed",
      "type": "google_firestore_database",
      "name": "database",
      "provider": "provider[\"registry.terraform.io/hashicorp/google-beta\"]",
      "instances": [
        {
          "schema_version": 0,
          "attributes": {
            "app_engine_integration_mode": "DISABLED",
            "cmek_config": [],
            "concurrency_mode": "PESSIMISTIC",
            "create_time": "",
            "delete_protection_state": "DELETE_PROTECTION_DISABLED",
            "deletion_policy": "ABANDON",
            "earliest_version_time": "2025-02-03T07:03:32.947753Z",
            "etag": "IO2wifz3posDMKmequz3posD",
            "id": "projects/bless-all-families-ai-app/databases/(default)",
            "key_prefix": "",
            "location_id": "nam5",
            "name": "(default)",
            "point_in_time_recovery_enablement": "POINT_IN_TIME_RECOVERY_DISABLED",
            "project": "bless-all-families-ai-app",
            "timeouts": null,
            "type": "FIRESTORE_NATIVE",
            "uid": "fd552336-4379-4636-9c81-f2a09efc7c32",
            "update_time": "",
            "version_retention_period": "3600s"
          },
          "sensitive_attributes": [],
          "private": "eyJlMmJmYjczMC1lY2FhLTExZTYtOGY4OC0zNDM2M2JjN2M0YzAiOnsiY3JlYXRlIjoxMjAwMDAwMDAwMDAwLCJkZWxldGUiOjEyMDAwMDAwMDAwMDAsInVwZGF0ZSI6MTIwMDAwMDAwMDAwMH19",
          "dependencies": [
            "google_project_service.services"
          ]
        }
      ]
    },
    {
      "mode": "managed",
      "type": "google_project_service",
      "name": "services",
      "provider": "provider[\"registry.terraform.io/hashicorp/google-beta\"]",
      "instances": [
        {
          "index_key": "apikeys.googleapis.com",
          "schema_version": 0,
          "attributes": {
            "check_if_service_has_usage_on_destroy": false,
            "disable_dependent_services": null,
            "disable_on_destroy": false,
            "id": "bless-all-families-ai-app/apikeys.googleapis.com",
            "project": "bless-all-families-ai-app",
            "service": "apikeys.googleapis.com",
            "timeouts": null
          },
          "sensitive_attributes": [],
          "private": "eyJlMmJmYjczMC1lY2FhLTExZTYtOGY4OC0zNDM2M2JjN2M0YzAiOnsiY3JlYXRlIjoxMjAwMDAwMDAwMDAwLCJkZWxldGUiOjEyMDAwMDAwMDAwMDAsInJlYWQiOjYwMDAwMDAwMDAwMCwidXBkYXRlIjoxMjAwMDAwMDAwMDAwfX0="
        },
        {
          "index_key": "firebaserules.googleapis.com",
          "schema_version": 0,
          "attributes": {
            "check_if_service_has_usage_on_destroy": false,
            "disable_dependent_services": null,
            "disable_on_destroy": false,
            "id": "bless-all-families-ai-app/firebaserules.googleapis.com",
            "project": "bless-all-families-ai-app",
            "service": "firebaserules.googleapis.com",
            "timeouts": null
          },
          "sensitive_attributes": [],
          "private": "eyJlMmJmYjczMC1lY2FhLTExZTYtOGY4OC0zNDM2M2JjN2M0YzAiOnsiY3JlYXRlIjoxMjAwMDAwMDAwMDAwLCJkZWxldGUiOjEyMDAwMDAwMDAwMDAsInJlYWQiOjYwMDAwMDAwMDAwMCwidXBkYXRlIjoxMjAwMDAwMDAwMDAwfX0="
        },
        {
          "index_key": "firestore.googleapis.com",
          "schema_version": 0,
          "attributes": {
            "check_if_service_has_usage_on_destroy": false,
            "disable_dependent_services": null,
            "disable_on_destroy": false,
            "id": "bless-all-families-ai-app/firestore.googleapis.com",
            "project": "bless-all-families-ai-app",
            "service": "firestore.googleapis.com",
            "timeouts": null
          },
          "sensitive_attributes": [],
          "private": "eyJlMmJmYjczMC1lY2FhLTExZTYtOGY4OC0zNDM2M2JjN2M0YzAiOnsiY3JlYXRlIjoxMjAwMDAwMDAwMDAwLCJkZWxldGUiOjEyMDAwMDAwMDAwMDAsInJlYWQiOjYwMDAwMDAwMDAwMCwidXBkYXRlIjoxMjAwMDAwMDAwMDAwfX0="
        },
        {
          "index_key": "generativelanguage.googleapis.com",
          "schema_version": 0,
          "attributes": {
            "check_if_service_has_usage_on_destroy": false,
            "disable_dependent_services": null,
            "disable_on_destroy": false,
            "id": "bless-all-families-ai-app/generativelanguage.googleapis.com",
            "project": "bless-all-families-ai-app",
            "service": "generativelanguage.googleapis.com",
            "timeouts": null
          },
          "sensitive_attributes": [],
          "private": "eyJlMmJmYjczMC1lY2FhLTExZTYtOGY4OC0zNDM2M2JjN2M0YzAiOnsiY3JlYXRlIjoxMjAwMDAwMDAwMDAwLCJkZWxldGUiOjEyMDAwMDAwMDAwMDAsInJlYWQiOjYwMDAwMDAwMDAwMCwidXBkYXRlIjoxMjAwMDAwMDAwMDAwfX0="
        },
        {
          "index_key": "serviceusage.googleapis.com",
          "schema_version": 0,
          "attributes": {
            "check_if_service_has_usage_on_destroy": false,
            "disable_dependent_services": null,
            "disable_on_destroy": false,
            "id": "bless-all-families-ai-app/serviceusage.googleapis.com",
            "project": "bless-all-families-ai-app",
            "service": "serviceusage.googleapis.com",
            "timeouts": null
          },
          "sensitive_attributes": [],
          "private": "eyJlMmJmYjczMC1lY2FhLTExZTYtOGY4OC0zNDM2M2JjN2M0YzAiOnsiY3JlYXRlIjoxMjAwMDAwMDAwMDAwLCJkZWxldGUiOjEyMDAwMDAwMDAwMDAsInJlYWQiOjYwMDAwMDAwMDAwMCwidXBkYXRlIjoxMjAwMDAwMDAwMDAwfX0="
        }
      ]
    },
    {
      "mode": "managed",
      "type": "google_service_usage_consumer_quota_override",
      "name": "generativelanguage",
      "provider": "provider[\"registry.terraform.io/hashicorp/google-beta\"]",
      "instances": [
        {
          "schema_version": 0,
          "attributes": {
            "dimensions": {},
            "force": true,
            "id": "projects/bless-all-families-ai-app/services/generativelanguage.googleapis.com/consumerQuotaMetrics/generativelanguage.googleapis.com%2Fgenerate_requests_per_model/limits/%2Fmin%2Fmodel%2Fproject/consumerOverrides/Cg1RdW90YU92ZXJyaWRl",
            "limit": "%2Fmin%2Fmodel%2Fproject",
            "metric": "generativelanguage.googleapis.com%2Fgenerate_requests_per_model",
            "name": "Cg1RdW90YU92ZXJyaWRl",
            "override_value": "10",
            "project": "bless-all-families-ai-app",
            "service": "generativelanguage.googleapis.com",
            "timeouts": null
          },
          "sensitive_attributes": [],
          "private": "eyJlMmJmYjczMC1lY2FhLTExZTYtOGY4OC0zNDM2M2JjN2M0YzAiOnsiY3JlYXRlIjoxMjAwMDAwMDAwMDAwLCJkZWxldGUiOjEyMDAwMDAwMDAwMDAsInVwZGF0ZSI6MTIwMDAwMDAwMDAwMH19",
          "dependencies": [
            "google_project_service.services"
          ]
        }
      ]
    },
    {
      "mode": "managed",
      "type": "local_file",
      "name": "environment_ts",
      "provider": "provider[\"registry.terraform.io/hashicorp/local\"]",
      "instances": [
        {
          "schema_version": 0,
          "attributes": {
            "content": "export const environment = {\n  firebase: {\n      apiKey: 'AIzaSyA2Bop29ahaIdUTi2WFtsQmO28l4aD-Mv4',\n      authDomain: 'bless-all-families-ai-app.firebaseapp.com',\n      databaseURL: '',\n      projectId: 'bless-all-families-ai-app',\n      storageBucket: 'bless-all-families-ai-app.firebasestorage.app',\n      messagingSenderId: '298347566231',\n      appId: '1:298347566231:web:7a76ca5ce2519e8da785d2',\n      measurementId: '',\n  },\n  gemini_api_key: 'AIzaSyA3VRM7QOqUpJ-5a3xPPvS8odbNNOvqs3o',\n  debug_token: ''\n};",
            "content_base64": null,
            "content_base64sha256": "CHFpuyLKavYl6/Abpu9V0Tv27JPmEF4O9PzGXcWE9bQ=",
            "content_base64sha512": "d/Le26UKGyPvbBXP4Qaf582xjo0Uv7/zBGpPSCFrtmDLwkD2B+L8taOQah4yRp3r6wLcz24olutLwd7F5C6SkA==",
            "content_md5": "1d9b01afc55de826c30ea291a3f19547",
            "content_sha1": "318a6fbcbe4529e6a16028ff94c6403eb835da6d",
            "content_sha256": "087169bb22ca6af625ebf01ba6ef55d13bf6ec93e6105e0ef4fcc65dc584f5b4",
            "content_sha512": "77f2dedba50a1b23ef6c15cfe1069fe7cdb18e8d14bfbff3046a4f48216bb660cbc240f607e2fcb5a3906a1e32469debeb02dccf6e2896eb4bc1dec5e42e9290",
            "directory_permission": "0777",
            "file_permission": "0777",
            "filename": "./src/environments/environments.ts",
            "id": "318a6fbcbe4529e6a16028ff94c6403eb835da6d",
            "sensitive_content": null,
            "source": null
          },
          "sensitive_attributes": [
            [
              {
                "type": "get_attr",
                "value": "content"
              }
            ]
          ],
          "dependencies": [
            "data.google_firebase_web_app_config.example",
            "data.google_project.project",
            "google_apikeys_key.generativelanguage",
            "google_firebase_web_app.example",
            "google_project_service.services"
          ]
        }
      ]
    },
    {
      "mode": "managed",
      "type": "local_file",
      "name": "firebaserc",
      "provider": "provider[\"registry.terraform.io/hashicorp/local\"]",
      "instances": [
        {
          "schema_version": 0,
          "attributes": {
            "content": "{\"projects\":{\"default\":\"bless-all-families-ai-app\"}}",
            "content_base64": null,
            "content_base64sha256": "rgyPj90sIRtBncT/9ZfOiHsF6aTz8hfxDv1ndfgrBgI=",
            "content_base64sha512": "jMHyBdrwuuRMphP/COaDov4TbBgkmCw1cazkij2YF9SCEuu1NAiLGXJDVE2bf10hxqgZNfha6k7xnnXaRZOkXA==",
            "content_md5": "fd7b30d4955925164f175fc9056ee45d",
            "content_sha1": "d78f670682fc6f4d0f76f25f0c601d035f425790",
            "content_sha256": "ae0c8f8fdd2c211b419dc4fff597ce887b05e9a4f3f217f10efd6775f82b0602",
            "content_sha512": "8cc1f205daf0bae44ca613ff08e683a2fe136c1824982c3571ace48a3d9817d48212ebb534088b197243544d9b7f5d21c6a81935f85aea4ef19e75da4593a45c",
            "directory_permission": "0777",
            "file_permission": "0777",
            "filename": "./.firebaserc",
            "id": "d78f670682fc6f4d0f76f25f0c601d035f425790",
            "sensitive_content": null,
            "source": null
          },
          "sensitive_attributes": []
        }
      ]
    },
    {
      "mode": "managed",
      "type": "local_file",
      "name": "firestore_rules",
      "provider": "provider[\"registry.terraform.io/hashicorp/local\"]",
      "instances": [
        {
          "schema_version": 0,
          "attributes": {
            "content": "service cloud.firestore {\n  match /databases/{database}/documents/{document=**} {\n    allow read, write: if request.auth != null \u0026\u0026 request.time \u003c timestamp.date(2025, 3, 5);\n  }\n}\n",
            "content_base64": null,
            "content_base64sha256": "hdhzQn09mG0BYAfkNMCjJW+HNKiHMviS+Z4JY8ucyeU=",
            "content_base64sha512": "0vmZUtlzTw5V2PKZTg9t34rhnwF2Kaf2PKZaMQYqqVykSMXabbgQrXXWRMh3cMu0ziBNS6an5pmEIcB0yO8g4A==",
            "content_md5": "f833d7c3724a7c7cb3f0e4ef5dccf70d",
            "content_sha1": "f287573b8d5d1b17dafabceddefa71a3e3d6f792",
            "content_sha256": "85d873427d3d986d016007e434c0a3256f8734a88732f892f99e0963cb9cc9e5",
            "content_sha512": "d2f99952d9734f0e55d8f2994e0f6ddf8ae19f017629a7f63ca65a31062aa95ca448c5da6db810ad75d644c87770cbb4ce204d4ba6a7e6998421c074c8ef20e0",
            "directory_permission": "0777",
            "file_permission": "0777",
            "filename": "./firestore.rules",
            "id": "f287573b8d5d1b17dafabceddefa71a3e3d6f792",
            "sensitive_content": null,
            "source": null
          },
          "sensitive_attributes": []
        }
      ]
    }
  ],
  "check_results": null
}
